
Microsoft Visual Studio Solution File, Format Version 12.00
# Visual Studio Version 16
VisualStudioVersion = 16.0.28803.202
MinimumVisualStudioVersion = 10.0.40219.1
Project("{FAE04EC0-301F-11D3-BF4B-00C04F79EFBC}") = "phonerepair", "phonerepair.csproj", "{B788817A-5B20-4F1E-B57E-D32763F1A26B}"
EndProject
Global
	GlobalSection(SolutionConfigurationPlatforms) = preSolution
		Debug|Any CPU = Debug|Any CPU
		Release|Any CPU = Release|Any CPU
	EndGlobalSection
	GlobalSection(ProjectConfigurationPlatforms) = postSolution
		{B788817A-5B20-4F1E-B57E-D32763F1A26B}.Debug|Any CPU.ActiveCfg = Debug|Any CPU
		{B788817A-5B20-4F1E-B57E-D32763F1A26B}.Debug|Any CPU.Build.0 = Debug|Any CPU
		{B788817A-5B20-4F1E-B57E-D32763F1A26B}.Release|Any CPU.ActiveCfg = Release|Any CPU
		{B788817A-5B20-4F1E-B57E-D32763F1A26B}.Release|Any CPU.Build.0 = Release|Any CPU
	EndGlobalSection
	GlobalSection(SolutionProperties) = preSolution
		HideSolutionNode = FALSE
	EndGlobalSection
	GlobalSection(ExtensibilityGlobals) = postSolution
		SolutionGuid = {AFBF2726-E3F1-466C-AC94-9C43482D37E3}
	EndGlobalSection
EndGlobal
